{
  "nodes": {
    "catppuccin-kvantum-src": {
      "flake": false,
      "locked": {
        "lastModified": 1766847381,
        "narHash": "sha256-gcvCVZjVbj5fRZWaM+mZTwH/g158MH36JmMuMgCBuqQ=",
        "owner": "catppuccin",
        "repo": "kvantum",
        "rev": "71105d224fef95dd023691303477ce3eea487457",
        "type": "github"
      },
      "original": {
        "owner": "catppuccin",
        "repo": "kvantum",
        "type": "github"
      }
    },
    "nixpkgs": {
      "locked": {
        "lastModified": 1774709303,
        "narHash": "sha256-D3Q07BbIA2KnTcSXIqqu9P586uWxN74zNoCH3h2ESHg=",
        "owner": "NixOS",
        "repo": "nixpkgs",
        "rev": "8110df5ad7abf5d4c0f6fb0f8f978390e77f9685",
        "type": "github"
      },
      "original": {
        "owner": "NixOS",
        "ref": "nixos-unstable",
        "repo": "nixpkgs",
        "type": "github"
      }
    },
    "root": {
      "inputs": {
        "catppuccin-kvantum-src": "catppuccin-kvantum-src",
        "nixpkgs": "nixpkgs"
      }
    }
  },
  "root": "root",
  "version": 7
}
